
Microsoft Visual Studio Solution File, Format Version 12.00
# Visual Studio 15
VisualStudioVersion = 15.0.26730.16
MinimumVisualStudioVersion = 10.0.40219.1
Project("{FAE04EC0-301F-11D3-BF4B-00C04F79EFBC}") = "cleaning", "cleaning\cleaning.csproj", "{5CA88BCB-A330-41F8-AC56-1DFEEF07555B}"
EndProject
Global
	GlobalSection(SolutionConfigurationPlatforms) = preSolution
		Debug|Any CPU = Debug|Any CPU
		Release|Any CPU = Release|Any CPU
	EndGlobalSection
	GlobalSection(ProjectConfigurationPlatforms) = postSolution
		{5CA88BCB-A330-41F8-AC56-1DFEEF07555B}.Debug|Any CPU.ActiveCfg = Debug|Any CPU
		{5CA88BCB-A330-41F8-AC56-1DFEEF07555B}.Debug|Any CPU.Build.0 = Debug|Any CPU
		{5CA88BCB-A330-41F8-AC56-1DFEEF07555B}.Release|Any CPU.ActiveCfg = Release|Any CPU
		{5CA88BCB-A330-41F8-AC56-1DFEEF07555B}.Release|Any CPU.Build.0 = Release|Any CPU
	EndGlobalSection
	GlobalSection(SolutionProperties) = preSolution
		HideSolutionNode = FALSE
	EndGlobalSection
	GlobalSection(ExtensibilityGlobals) = postSolution
		SolutionGuid = {58522561-8C8B-4ACC-8CB8-F0325C559B60}
	EndGlobalSection
EndGlobal
